// !$*UTF8*$!
{
	archiveVersion = 1;
	classes = {
	};
	objectVersion = 48;
	objects = {

/* Begin PBXBuildFile section */
		1275D0612860343D3C86B9D5 /* Pods_Weibo.framework in Frameworks */ = {isa = PBXBuildFile; fileRef = 5E2366E6825CA5D8F1544BD0 /* Pods_Weibo.framework */; };
		7634F0972136E59700E9AC4D /* WBNewFeatureView.xib in Resources */ = {isa = PBXBuildFile; fileRef = 7634F0962136E59700E9AC4D /* WBNewFeatureView.xib */; };
		763B4953204D4E5B00ECA116 /* WBMainViewController.swift in Sources */ = {isa = PBXBuildFile; fileRef = 763B4952204D4E5B00ECA116 /* WBMainViewController.swift */; };
		763B4955204D4E8400ECA116 /* WBNavViewController.swift in Sources */ = {isa = PBXBuildFile; fileRef = 763B4954204D4E8400ECA116 /* WBNavViewController.swift */; };
		763B4957204D4EAE00ECA116 /* WBBaseViewController.swift in Sources */ = {isa = PBXBuildFile; fileRef = 763B4956204D4EAE00ECA116 /* WBBaseViewController.swift */; };
		763B4959204D4EEA00ECA116 /* WBMessageViewController.swift in Sources */ = {isa = PBXBuildFile; fileRef = 763B4958204D4EEA00ECA116 /* WBMessageViewController.swift */; };
		763B495B204D4EF500ECA116 /* WBProfileViewController.swift in Sources */ = {isa = PBXBuildFile; fileRef = 763B495A204D4EF500ECA116 /* WBProfileViewController.swift */; };
		763B495D204D4EFE00ECA116 /* WBHomeViewController.swift in Sources */ = {isa = PBXBuildFile; fileRef = 763B495C204D4EFE00ECA116 /* WBHomeViewController.swift */; };
		763B495F204D4F0900ECA116 /* WBDiscoverViewController.swift in Sources */ = {isa = PBXBuildFile; fileRef = 763B495E204D4F0900ECA116 /* WBDiscoverViewController.swift */; };
		764FE689213124A300573D68 /* WBTitleButton.swift in Sources */ = {isa = PBXBuildFile; fileRef = 764FE688213124A300573D68 /* WBTitleButton.swift */; };
		764FE68E213132FF00573D68 /* WBNewFeatureView.swift in Sources */ = {isa = PBXBuildFile; fileRef = 764FE68D213132FF00573D68 /* WBNewFeatureView.swift */; };
		764FE69021313FBD00573D68 /* WBWelcomeView.xib in Resources */ = {isa = PBXBuildFile; fileRef = 764FE68F21313FBD00573D68 /* WBWelcomeView.xib */; };
		764FE69221314B0A00573D68 /* WBWelcomeView.swift in Sources */ = {isa = PBXBuildFile; fileRef = 764FE69121314B0700573D68 /* WBWelcomeView.swift */; };
		765A4D4C21158884009B96C0 /* WBStatus.swift in Sources */ = {isa = PBXBuildFile; fileRef = 765A4D4B21158884009B96C0 /* WBStatus.swift */; };
		765A4D4E21158D0A009B96C0 /* WBStatusListViewModel.swift in Sources */ = {isa = PBXBuildFile; fileRef = 765A4D4D21158D0A009B96C0 /* WBStatusListViewModel.swift */; };
		76618A52204ED018002EC691 /* Bundle+Extension.swift in Sources */ = {isa = PBXBuildFile; fileRef = 76618A51204ED018002EC691 /* Bundle+Extension.swift */; };
		76618A5520538097002EC691 /* WBTestViewController.swift in Sources */ = {isa = PBXBuildFile; fileRef = 76618A5420538097002EC691 /* WBTestViewController.swift */; };
		76618A572053990B002EC691 /* UIBarButtonItem+Extension.swift in Sources */ = {isa = PBXBuildFile; fileRef = 76618A562053990B002EC691 /* UIBarButtonItem+Extension.swift */; };
		76716CD520588B6A005A4DA8 /* WBVisitorView.swift in Sources */ = {isa = PBXBuildFile; fileRef = 76716CD420588B6A005A4DA8 /* WBVisitorView.swift */; };
		76716CD7205EE02D005A4DA8 /* main.json in Resources */ = {isa = PBXBuildFile; fileRef = 76716CD6205EE02D005A4DA8 /* main.json */; };
		767A3913213A60C200802BD0 /* WBStatusCell.swift in Sources */ = {isa = PBXBuildFile; fileRef = 767A3912213A60C200802BD0 /* WBStatusCell.swift */; };
		767A3915213A60E600802BD0 /* WBStatusNormalCell.xib in Resources */ = {isa = PBXBuildFile; fileRef = 767A3914213A60E600802BD0 /* WBStatusNormalCell.xib */; };
		767A3917213D0C3500802BD0 /* WBUser.swift in Sources */ = {isa = PBXBuildFile; fileRef = 767A3916213D0C3500802BD0 /* WBUser.swift */; };
		767A391B213D1B3E00802BD0 /* WBStatusViewModel.swift in Sources */ = {isa = PBXBuildFile; fileRef = 767A391A213D1B3E00802BD0 /* WBStatusViewModel.swift */; };
		768B46C9204BEE9E0046D1CB /* AppDelegate.swift in Sources */ = {isa = PBXBuildFile; fileRef = 768B46C8204BEE9E0046D1CB /* AppDelegate.swift */; };
		768B46D0204BEE9E0046D1CB /* Assets.xcassets in Resources */ = {isa = PBXBuildFile; fileRef = 768B46CF204BEE9E0046D1CB /* Assets.xcassets */; };
		76BC4179204EC6D600E5522B /* NSArray+Log.m in Sources */ = {isa = PBXBuildFile; fileRef = 76BC4162204EC6D600E5522B /* NSArray+Log.m */; };
		76BC417A204EC6D600E5522B /* NSAttributedString+CZAdditon.m in Sources */ = {isa = PBXBuildFile; fileRef = 76BC4164204EC6D600E5522B /* NSAttributedString+CZAdditon.m */; };
		76BC417B204EC6D600E5522B /* NSObject+CZRuntime.m in Sources */ = {isa = PBXBuildFile; fileRef = 76BC4166204EC6D600E5522B /* NSObject+CZRuntime.m */; };
		76BC417C204EC6D600E5522B /* NSString+CZBase64.m in Sources */ = {isa = PBXBuildFile; fileRef = 76BC4168204EC6D600E5522B /* NSString+CZBase64.m */; };
		76BC417D204EC6D600E5522B /* NSString+CZHash.m in Sources */ = {isa = PBXBuildFile; fileRef = 76BC416A204EC6D600E5522B /* NSString+CZHash.m */; };
		76BC417E204EC6D600E5522B /* NSString+CZPath.m in Sources */ = {isa = PBXBuildFile; fileRef = 76BC416C204EC6D600E5522B /* NSString+CZPath.m */; };
		76BC417F204EC6D600E5522B /* UIButton+CZAddition.m in Sources */ = {isa = PBXBuildFile; fileRef = 76BC416E204EC6D600E5522B /* UIButton+CZAddition.m */; };
		76BC4180204EC6D600E5522B /* UIColor+CZAddition.m in Sources */ = {isa = PBXBuildFile; fileRef = 76BC4170204EC6D600E5522B /* UIColor+CZAddition.m */; };
		76BC4181204EC6D600E5522B /* UILabel+CZAddition.m in Sources */ = {isa = PBXBuildFile; fileRef = 76BC4172204EC6D600E5522B /* UILabel+CZAddition.m */; };
		76BC4182204EC6D600E5522B /* UIScreen+CZAddition.m in Sources */ = {isa = PBXBuildFile; fileRef = 76BC4174204EC6D600E5522B /* UIScreen+CZAddition.m */; };
		76BC4183204EC6D600E5522B /* UIView+CZAddition.m in Sources */ = {isa = PBXBuildFile; fileRef = 76BC4176204EC6D600E5522B /* UIView+CZAddition.m */; };
		76BC4184204EC6D600E5522B /* UIViewController+CZAddition.m in Sources */ = {isa = PBXBuildFile; fileRef = 76BC4178204EC6D600E5522B /* UIViewController+CZAddition.m */; };
		76F98CE82122A21F005D4613 /* WeiBoCommon.swift in Sources */ = {isa = PBXBuildFile; fileRef = 76F98CE72122A21F005D4613 /* WeiBoCommon.swift */; };
		76F98CEB2122A6F5005D4613 /* WBOAuthViewController.swift in Sources */ = {isa = PBXBuildFile; fileRef = 76F98CEA2122A6F5005D4613 /* WBOAuthViewController.swift */; };
		76F98CF02123F71B005D4613 /* WBNetWorkManager+Extension.swift in Sources */ = {isa = PBXBuildFile; fileRef = 76F98CEE2123F71B005D4613 /* WBNetWorkManager+Extension.swift */; };
		76F98CF12123F71B005D4613 /* WBNetWorkManager.swift in Sources */ = {isa = PBXBuildFile; fileRef = 76F98CEF2123F71B005D4613 /* WBNetWorkManager.swift */; };
		76F98CF32123F73D005D4613 /* WBUserAccount.swift in Sources */ = {isa = PBXBuildFile; fileRef = 76F98CF22123F73D005D4613 /* WBUserAccount.swift */; };
/* End PBXBuildFile section */

/* Begin PBXFileReference section */
		13B70C5FC5BBA8D33D5F8A96 /* Pods-Weibo.debug.xcconfig */ = {isa = PBXFileReference; includeInIndex = 1; lastKnownFileType = text.xcconfig; name = "Pods-Weibo.debug.xcconfig"; path = "Pods/Target Support Files/Pods-Weibo/Pods-Weibo.debug.xcconfig"; sourceTree = "<group>"; };
		1975CDAD7679FB1D6C67589E /* Pods-Weibo.release.xcconfig */ = {isa = PBXFileReference; includeInIndex = 1; lastKnownFileType = text.xcconfig; name = "Pods-Weibo.release.xcconfig"; path = "Pods/Target Support Files/Pods-Weibo/Pods-Weibo.release.xcconfig"; sourceTree = "<group>"; };
		5E2366E6825CA5D8F1544BD0 /* Pods_Weibo.framework */ = {isa = PBXFileReference; explicitFileType = wrapper.framework; includeInIndex = 0; path = Pods_Weibo.framework; sourceTree = BUILT_PRODUCTS_DIR; };
		7634F0962136E59700E9AC4D /* WBNewFeatureView.xib */ = {isa = PBXFileReference; lastKnownFileType = file.xib; path = WBNewFeatureView.xib; sourceTree = "<group>"; };
		763B4952204D4E5B00ECA116 /* WBMainViewController.swift */ = {isa = PBXFileReference; lastKnownFileType = sourcecode.swift; path = WBMainViewController.swift; sourceTree = "<group>"; };
		763B4954204D4E8400ECA116 /* WBNavViewController.swift */ = {isa = PBXFileReference; lastKnownFileType = sourcecode.swift; path = WBNavViewController.swift; sourceTree = "<group>"; };
		763B4956204D4EAE00ECA116 /* WBBaseViewController.swift */ = {isa = PBXFileReference; lastKnownFileType = sourcecode.swift; path = WBBaseViewController.swift; sourceTree = "<group>"; };
		763B4958204D4EEA00ECA116 /* WBMessageViewController.swift */ = {isa = PBXFileReference; lastKnownFileType = sourcecode.swift; path = WBMessageViewController.swift; sourceTree = "<group>"; };
		763B495A204D4EF500ECA116 /* WBProfileViewController.swift */ = {isa = PBXFileReference; lastKnownFileType = sourcecode.swift; path = WBProfileViewController.swift; sourceTree = "<group>"; };
		763B495C204D4EFE00ECA116 /* WBHomeViewController.swift */ = {isa = PBXFileReference; lastKnownFileType = sourcecode.swift; path = WBHomeViewController.swift; sourceTree = "<group>"; };
		763B495E204D4F0900ECA116 /* WBDiscoverViewController.swift */ = {isa = PBXFileReference; lastKnownFileType = sourcecode.swift; path = WBDiscoverViewController.swift; sourceTree = "<group>"; };
		764FE688213124A300573D68 /* WBTitleButton.swift */ = {isa = PBXFileReference; lastKnownFileType = sourcecode.swift; path = WBTitleButton.swift; sourceTree = "<group>"; };
		764FE68D213132FF00573D68 /* WBNewFeatureView.swift */ = {isa = PBXFileReference; lastKnownFileType = sourcecode.swift; path = WBNewFeatureView.swift; sourceTree = "<group>"; };
		764FE68F21313FBD00573D68 /* WBWelcomeView.xib */ = {isa = PBXFileReference; lastKnownFileType = file.xib; path = WBWelcomeView.xib; sourceTree = "<group>"; };
		764FE69121314B0700573D68 /* WBWelcomeView.swift */ = {isa = PBXFileReference; fileEncoding = 4; lastKnownFileType = sourcecode.swift; path = WBWelcomeView.swift; sourceTree = "<group>"; };
		765A4D4B21158884009B96C0 /* WBStatus.swift */ = {isa = PBXFileReference; lastKnownFileType = sourcecode.swift; path = WBStatus.swift; sourceTree = "<group>"; };
		765A4D4D21158D0A009B96C0 /* WBStatusListViewModel.swift */ = {isa = PBXFileReference; lastKnownFileType = sourcecode.swift; path = WBStatusListViewModel.swift; sourceTree = "<group>"; };
		76618A51204ED018002EC691 /* Bundle+Extension.swift */ = {isa = PBXFileReference; lastKnownFileType = sourcecode.swift; path = "Bundle+Extension.swift"; sourceTree = "<group>"; };
		76618A5420538097002EC691 /* WBTestViewController.swift */ = {isa = PBXFileReference; lastKnownFileType = sourcecode.swift; path = WBTestViewController.swift; sourceTree = "<group>"; };
		76618A562053990B002EC691 /* UIBarButtonItem+Extension.swift */ = {isa = PBXFileReference; lastKnownFileType = sourcecode.swift; path = "UIBarButtonItem+Extension.swift"; sourceTree = "<group>"; };
		76716CD420588B6A005A4DA8 /* WBVisitorView.swift */ = {isa = PBXFileReference; lastKnownFileType = sourcecode.swift; path = WBVisitorView.swift; sourceTree = "<group>"; };
		76716CD6205EE02D005A4DA8 /* main.json */ = {isa = PBXFileReference; fileEncoding = 4; lastKnownFileType = text.json; path = main.json; sourceTree = "<group>"; };
		767A3912213A60C200802BD0 /* WBStatusCell.swift */ = {isa = PBXFileReference; lastKnownFileType = sourcecode.swift; path = WBStatusCell.swift; sourceTree = "<group>"; };
		767A3914213A60E600802BD0 /* WBStatusNormalCell.xib */ = {isa = PBXFileReference; lastKnownFileType = file.xib; path = WBStatusNormalCell.xib; sourceTree = "<group>"; };
		767A3916213D0C3500802BD0 /* WBUser.swift */ = {isa = PBXFileReference; lastKnownFileType = sourcecode.swift; path = WBUser.swift; sourceTree = "<group>"; };
		767A391A213D1B3E00802BD0 /* WBStatusViewModel.swift */ = {isa = PBXFileReference; lastKnownFileType = sourcecode.swift; path = WBStatusViewModel.swift; sourceTree = "<group>"; };
		768B46C5204BEE9D0046D1CB /* Weibo.app */ = {isa = PBXFileReference; explicitFileType = wrapper.application; includeInIndex = 0; path = Weibo.app; sourceTree = BUILT_PRODUCTS_DIR; };
		768B46C8204BEE9E0046D1CB /* AppDelegate.swift */ = {isa = PBXFileReference; lastKnownFileType = sourcecode.swift; path = AppDelegate.swift; sourceTree = "<group>"; };
		768B46CF204BEE9E0046D1CB /* Assets.xcassets */ = {isa = PBXFileReference; lastKnownFileType = folder.assetcatalog; path = Assets.xcassets; sourceTree = "<group>"; };
		768B46D4204BEE9E0046D1CB /* Info.plist */ = {isa = PBXFileReference; lastKnownFileType = text.plist.xml; path = Info.plist; sourceTree = "<group>"; };
		76BC4160204EC6D600E5522B /* CZAdditions.h */ = {isa = PBXFileReference; fileEncoding = 4; lastKnownFileType = sourcecode.c.h; path = CZAdditions.h; sourceTree = "<group>"; };
		76BC4161204EC6D600E5522B /* NSArray+Log.h */ = {isa = PBXFileReference; fileEncoding = 4; lastKnownFileType = sourcecode.c.h; path = "NSArray+Log.h"; sourceTree = "<group>"; };
		76BC4162204EC6D600E5522B /* NSArray+Log.m */ = {isa = PBXFileReference; fileEncoding = 4; lastKnownFileType = sourcecode.c.objc; path = "NSArray+Log.m"; sourceTree = "<group>"; };
		76BC4163204EC6D600E5522B /* NSAttributedString+CZAdditon.h */ = {isa = PBXFileReference; fileEncoding = 4; lastKnownFileType = sourcecode.c.h; path = "NSAttributedString+CZAdditon.h"; sourceTree = "<group>"; };
		76BC4164204EC6D600E5522B /* NSAttributedString+CZAdditon.m */ = {isa = PBXFileReference; fileEncoding = 4; lastKnownFileType = sourcecode.c.objc; path = "NSAttributedString+CZAdditon.m"; sourceTree = "<group>"; };
		76BC4165204EC6D600E5522B /* NSObject+CZRuntime.h */ = {isa = PBXFileReference; fileEncoding = 4; lastKnownFileType = sourcecode.c.h; path = "NSObject+CZRuntime.h"; sourceTree = "<group>"; };
		76BC4166204EC6D600E5522B /* NSObject+CZRuntime.m */ = {isa = PBXFileReference; fileEncoding = 4; lastKnownFileType = sourcecode.c.objc; path = "NSObject+CZRuntime.m"; sourceTree = "<group>"; };
		76BC4167204EC6D600E5522B /* NSString+CZBase64.h */ = {isa = PBXFileReference; fileEncoding = 4; lastKnownFileType = sourcecode.c.h; path = "NSString+CZBase64.h"; sourceTree = "<group>"; };
		76BC4168204EC6D600E5522B /* NSString+CZBase64.m */ = {isa = PBXFileReference; fileEncoding = 4; lastKnownFileType = sourcecode.c.objc; path = "NSString+CZBase64.m"; sourceTree = "<group>"; };
		76BC4169204EC6D600E5522B /* NSString+CZHash.h */ = {isa = PBXFileReference; fileEncoding = 4; lastKnownFileType = sourcecode.c.h; path = "NSString+CZHash.h"; sourceTree = "<group>"; };
		76BC416A204EC6D600E5522B /* NSString+CZHash.m */ = {isa = PBXFileReference; fileEncoding = 4; lastKnownFileType = sourcecode.c.objc; path = "NSString+CZHash.m"; sourceTree = "<group>"; };
		76BC416B204EC6D600E5522B /* NSString+CZPath.h */ = {isa = PBXFileReference; fileEncoding = 4; lastKnownFileType = sourcecode.c.h; path = "NSString+CZPath.h"; sourceTree = "<group>"; };
		76BC416C204EC6D600E5522B /* NSString+CZPath.m */ = {isa = PBXFileReference; fileEncoding = 4; lastKnownFileType = sourcecode.c.objc; path = "NSString+CZPath.m"; sourceTree = "<group>"; };
		76BC416D204EC6D600E5522B /* UIButton+CZAddition.h */ = {isa = PBXFileReference; fileEncoding = 4; lastKnownFileType = sourcecode.c.h; path = "UIButton+CZAddition.h"; sourceTree = "<group>"; };
		76BC416E204EC6D600E5522B /* UIButton+CZAddition.m */ = {isa = PBXFileReference; fileEncoding = 4; lastKnownFileType = sourcecode.c.objc; path = "UIButton+CZAddition.m"; sourceTree = "<group>"; };
		76BC416F204EC6D600E5522B /* UIColor+CZAddition.h */ = {isa = PBXFileReference; fileEncoding = 4; lastKnownFileType = sourcecode.c.h; path = "UIColor+CZAddition.h"; sourceTree = "<group>"; };
		76BC4170204EC6D600E5522B /* UIColor+CZAddition.m */ = {isa = PBXFileReference; fileEncoding = 4; lastKnownFileType = sourcecode.c.objc; path = "UIColor+CZAddition.m"; sourceTree = "<group>"; };
		76BC4171204EC6D600E5522B /* UILabel+CZAddition.h */ = {isa = PBXFileReference; fileEncoding = 4; lastKnownFileType = sourcecode.c.h; path = "UILabel+CZAddition.h"; sourceTree = "<group>"; };
		76BC4172204EC6D600E5522B /* UILabel+CZAddition.m */ = {isa = PBXFileReference; fileEncoding = 4; lastKnownFileType = sourcecode.c.objc; path = "UILabel+CZAddition.m"; sourceTree = "<group>"; };
		76BC4173204EC6D600E5522B /* UIScreen+CZAddition.h */ = {isa = PBXFileReference; fileEncoding = 4; lastKnownFileType = sourcecode.c.h; path = "UIScreen+CZAddition.h"; sourceTree = "<group>"; };
		76BC4174204EC6D600E5522B /* UIScreen+CZAddition.m */ = {isa = PBXFileReference; fileEncoding = 4; lastKnownFileType = sourcecode.c.objc; path = "UIScreen+CZAddition.m"; sourceTree = "<group>"; };
		76BC4175204EC6D600E5522B /* UIView+CZAddition.h */ = {isa = PBXFileReference; fileEncoding = 4; lastKnownFileType = sourcecode.c.h; path = "UIView+CZAddition.h"; sourceTree = "<group>"; };
		76BC4176204EC6D600E5522B /* UIView+CZAddition.m */ = {isa = PBXFileReference; fileEncoding = 4; lastKnownFileType = sourcecode.c.objc; path = "UIView+CZAddition.m"; sourceTree = "<group>"; };
		76BC4177204EC6D600E5522B /* UIViewController+CZAddition.h */ = {isa = PBXFileReference; fileEncoding = 4; lastKnownFileType = sourcecode.c.h; path = "UIViewController+CZAddition.h"; sourceTree = "<group>"; };
		76BC4178204EC6D600E5522B /* UIViewController+CZAddition.m */ = {isa = PBXFileReference; fileEncoding = 4; lastKnownFileType = sourcecode.c.objc; path = "UIViewController+CZAddition.m"; sourceTree = "<group>"; };
		76BC4185204EC71100E5522B /* Weibo-bridge.h */ = {isa = PBXFileReference; lastKnownFileType = sourcecode.c.h; path = "Weibo-bridge.h"; sourceTree = "<group>"; };
		76F98CE72122A21F005D4613 /* WeiBoCommon.swift */ = {isa = PBXFileReference; lastKnownFileType = sourcecode.swift; path = WeiBoCommon.swift; sourceTree = "<group>"; };
		76F98CEA2122A6F5005D4613 /* WBOAuthViewController.swift */ = {isa = PBXFileReference; lastKnownFileType = sourcecode.swift; path = WBOAuthViewController.swift; sourceTree = "<group>"; };
		76F98CEE2123F71B005D4613 /* WBNetWorkManager+Extension.swift */ = {isa = PBXFileReference; fileEncoding = 4; lastKnownFileType = sourcecode.swift; path = "WBNetWorkManager+Extension.swift"; sourceTree = "<group>"; };
		76F98CEF2123F71B005D4613 /* WBNetWorkManager.swift */ = {isa = PBXFileReference; fileEncoding = 4; lastKnownFileType = sourcecode.swift; path = WBNetWorkManager.swift; sourceTree = "<group>"; };
		76F98CF22123F73D005D4613 /* WBUserAccount.swift */ = {isa = PBXFileReference; lastKnownFileType = sourcecode.swift; path = WBUserAccount.swift; sourceTree = "<group>"; };
/* End PBXFileReference section */

/* Begin PBXFrameworksBuildPhase section */
		768B46C2204BEE9D0046D1CB /* Frameworks */ = {
			isa = PBXFrameworksBuildPhase;
			buildActionMask = 2147483647;
			files = (
				1275D0612860343D3C86B9D5 /* Pods_Weibo.framework in Frameworks */,
			);
			runOnlyForDeploymentPostprocessing = 0;
		};
/* End PBXFrameworksBuildPhase section */

/* Begin PBXGroup section */
		763B4948204D4DF800ECA116 /* Classes */ = {
			isa = PBXGroup;
			children = (
				76618A5320538082002EC691 /* 测试 */,
				763B494A204D4DF800ECA116 /* Tools(工具) */,
				763B4949204D4DF800ECA116 /* Model(模型) */,
				763B494B204D4DF800ECA116 /* View(视图和控制器) */,
				763B4951204D4DF800ECA116 /* ViewModel(视图模型) */,
			);
			path = Classes;
			sourceTree = "<group>";
		};
		763B4949204D4DF800ECA116 /* Model(模型) */ = {
			isa = PBXGroup;
			children = (
				765A4D4B21158884009B96C0 /* WBStatus.swift */,
				767A3916213D0C3500802BD0 /* WBUser.swift */,
			);
			path = "Model(模型)";
			sourceTree = "<group>";
		};
		763B494A204D4DF800ECA116 /* Tools(工具) */ = {
			isa = PBXGroup;
			children = (
				76F98CEC2123F71B005D4613 /* Network */,
				76618A50204ECFAB002EC691 /* Extensions */,
				76BC415F204EC6D600E5522B /* Additions */,
				76F98CE72122A21F005D4613 /* WeiBoCommon.swift */,
			);
			path = "Tools(工具)";
			sourceTree = "<group>";
		};
		763B494B204D4DF800ECA116 /* View(视图和控制器) */ = {
			isa = PBXGroup;
			children = (
				763B494C204D4DF800ECA116 /* Discover */,
				763B494D204D4DF800ECA116 /* Home */,
				763B494E204D4DF800ECA116 /* Main(主要的) */,
				763B494F204D4DF800ECA116 /* Message */,
				763B4950204D4DF800ECA116 /* Profile */,
			);
			path = "View(视图和控制器)";
			sourceTree = "<group>";
		};
		763B494C204D4DF800ECA116 /* Discover */ = {
			isa = PBXGroup;
			children = (
				763B495E204D4F0900ECA116 /* WBDiscoverViewController.swift */,
			);
			path = Discover;
			sourceTree = "<group>";
		};
		763B494D204D4DF800ECA116 /* Home */ = {
			isa = PBXGroup;
			children = (
				767A3911213A607D00802BD0 /* WBStatusCell */,
				764FE6872131246B00573D68 /* WBTitleButton */,
				763B495C204D4EFE00ECA116 /* WBHomeViewController.swift */,
			);
			path = Home;
			sourceTree = "<group>";
		};
		763B494E204D4DF800ECA116 /* Main(主要的) */ = {
			isa = PBXGroup;
			children = (
				764FE68A2131326C00573D68 /* NewFeature(新特性) */,
				76F98CE92122A6AE005D4613 /* OAuth(授权) */,
				76ADCD942055157500CE5A1C /* 主控制器 */,
				763B4956204D4EAE00ECA116 /* WBBaseViewController.swift */,
			);
			path = "Main(主要的)";
			sourceTree = "<group>";
		};
		763B494F204D4DF800ECA116 /* Message */ = {
			isa = PBXGroup;
			children = (
				763B4958204D4EEA00ECA116 /* WBMessageViewController.swift */,
			);
			path = Message;
			sourceTree = "<group>";
		};
		763B4950204D4DF800ECA116 /* Profile */ = {
			isa = PBXGroup;
			children = (
				763B495A204D4EF500ECA116 /* WBProfileViewController.swift */,
			);
			path = Profile;
			sourceTree = "<group>";
		};
		763B4951204D4DF800ECA116 /* ViewModel(视图模型) */ = {
			isa = PBXGroup;
			children = (
				765A4D4D21158D0A009B96C0 /* WBStatusListViewModel.swift */,
				767A391A213D1B3E00802BD0 /* WBStatusViewModel.swift */,
			);
			path = "ViewModel(视图模型)";
			sourceTree = "<group>";
		};
		764FE6872131246B00573D68 /* WBTitleButton */ = {
			isa = PBXGroup;
			children = (
				764FE688213124A300573D68 /* WBTitleButton.swift */,
			);
			path = WBTitleButton;
			sourceTree = "<group>";
		};
		764FE68A2131326C00573D68 /* NewFeature(新特性) */ = {
			isa = PBXGroup;
			children = (
				764FE69121314B0700573D68 /* WBWelcomeView.swift */,
				764FE68F21313FBD00573D68 /* WBWelcomeView.xib */,
				764FE68D213132FF00573D68 /* WBNewFeatureView.swift */,
				7634F0962136E59700E9AC4D /* WBNewFeatureView.xib */,
			);
			path = "NewFeature(新特性)";
			sourceTree = "<group>";
		};
		76618A50204ECFAB002EC691 /* Extensions */ = {
			isa = PBXGroup;
			children = (
				76618A51204ED018002EC691 /* Bundle+Extension.swift */,
				76618A562053990B002EC691 /* UIBarButtonItem+Extension.swift */,
			);
			path = Extensions;
			sourceTree = "<group>";
		};
		76618A5320538082002EC691 /* 测试 */ = {
			isa = PBXGroup;
			children = (
				76618A5420538097002EC691 /* WBTestViewController.swift */,
			);
			path = "测试";
			sourceTree = "<group>";
		};
		76716CD320588B4B005A4DA8 /* VisitorView(访客视图) */ = {
			isa = PBXGroup;
			children = (
				76716CD420588B6A005A4DA8 /* WBVisitorView.swift */,
			);
			path = "VisitorView(访客视图)";
			sourceTree = "<group>";
		};
		767A3911213A607D00802BD0 /* WBStatusCell */ = {
			isa = PBXGroup;
			children = (
				767A3912213A60C200802BD0 /* WBStatusCell.swift */,
				767A3914213A60E600802BD0 /* WBStatusNormalCell.xib */,
			);
			path = WBStatusCell;
			sourceTree = "<group>";
		};
		768B46BC204BEE9D0046D1CB = {
			isa = PBXGroup;
			children = (
				768B46C7204BEE9D0046D1CB /* Weibo */,
				768B46C6204BEE9D0046D1CB /* Products */,
				E0483EE7028136F50D8D21D4 /* Pods */,
				B0686D28E8CC4022A1F17B4B /* Frameworks */,
			);
			sourceTree = "<group>";
		};
		768B46C6204BEE9D0046D1CB /* Products */ = {
			isa = PBXGroup;
			children = (
				768B46C5204BEE9D0046D1CB /* Weibo.app */,
			);
			name = Products;
			sourceTree = "<group>";
		};
		768B46C7204BEE9D0046D1CB /* Weibo */ = {
			isa = PBXGroup;
			children = (
				763B4948204D4DF800ECA116 /* Classes */,
				768B46C8204BEE9E0046D1CB /* AppDelegate.swift */,
				76BC4185204EC71100E5522B /* Weibo-bridge.h */,
				768B46CF204BEE9E0046D1CB /* Assets.xcassets */,
				768B46D4204BEE9E0046D1CB /* Info.plist */,
			);
			path = Weibo;
			sourceTree = "<group>";
		};
		76ADCD942055157500CE5A1C /* 主控制器 */ = {
			isa = PBXGroup;
			children = (
				76716CD320588B4B005A4DA8 /* VisitorView(访客视图) */,
				76716CD6205EE02D005A4DA8 /* main.json */,
				763B4952204D4E5B00ECA116 /* WBMainViewController.swift */,
				763B4954204D4E8400ECA116 /* WBNavViewController.swift */,
			);
			path = "主控制器";
			sourceTree = "<group>";
		};
		76BC415F204EC6D600E5522B /* Additions */ = {
			isa = PBXGroup;
			children = (
				76BC4160204EC6D600E5522B /* CZAdditions.h */,
				76BC4161204EC6D600E5522B /* NSArray+Log.h */,
				76BC4162204EC6D600E5522B /* NSArray+Log.m */,
				76BC4163204EC6D600E5522B /* NSAttributedString+CZAdditon.h */,
				76BC4164204EC6D600E5522B /* NSAttributedString+CZAdditon.m */,
				76BC4165204EC6D600E5522B /* NSObject+CZRuntime.h */,
				76BC4166204EC6D600E5522B /* NSObject+CZRuntime.m */,
				76BC4167204EC6D600E5522B /* NSString+CZBase64.h */,
				76BC4168204EC6D600E5522B /* NSString+CZBase64.m */,
				76BC4169204EC6D600E5522B /* NSString+CZHash.h */,
				76BC416A204EC6D600E5522B /* NSString+CZHash.m */,
				76BC416B204EC6D600E5522B /* NSString+CZPath.h */,
				76BC416C204EC6D600E5522B /* NSString+CZPath.m */,
				76BC416D204EC6D600E5522B /* UIButton+CZAddition.h */,
				76BC416E204EC6D600E5522B /* UIButton+CZAddition.m */,
				76BC416F204EC6D600E5522B /* UIColor+CZAddition.h */,
				76BC4170204EC6D600E5522B /* UIColor+CZAddition.m */,
				76BC4171204EC6D600E5522B /* UILabel+CZAddition.h */,
				76BC4172204EC6D600E5522B /* UILabel+CZAddition.m */,
				76BC4173204EC6D600E5522B /* UIScreen+CZAddition.h */,
				76BC4174204EC6D600E5522B /* UIScreen+CZAddition.m */,
				76BC4175204EC6D600E5522B /* UIView+CZAddition.h */,
				76BC4176204EC6D600E5522B /* UIView+CZAddition.m */,
				76BC4177204EC6D600E5522B /* UIViewController+CZAddition.h */,
				76BC4178204EC6D600E5522B /* UIViewController+CZAddition.m */,
			);
			path = Additions;
			sourceTree = "<group>";
		};
		76F98CE92122A6AE005D4613 /* OAuth(授权) */ = {
			isa = PBXGroup;
			children = (
				76F98CEA2122A6F5005D4613 /* WBOAuthViewController.swift */,
			);
			path = "OAuth(授权)";
			sourceTree = "<group>";
		};
		76F98CEC2123F71B005D4613 /* Network */ = {
			isa = PBXGroup;
			children = (
				76F98CED2123F71B005D4613 /* Model */,
				76F98CEE2123F71B005D4613 /* WBNetWorkManager+Extension.swift */,
				76F98CEF2123F71B005D4613 /* WBNetWorkManager.swift */,
			);
			path = Network;
			sourceTree = "<group>";
		};
		76F98CED2123F71B005D4613 /* Model */ = {
			isa = PBXGroup;
			children = (
				76F98CF22123F73D005D4613 /* WBUserAccount.swift */,
			);
			path = Model;
			sourceTree = "<group>";
		};
		B0686D28E8CC4022A1F17B4B /* Frameworks */ = {
			isa = PBXGroup;
			children = (
				5E2366E6825CA5D8F1544BD0 /* Pods_Weibo.framework */,
			);
			name = Frameworks;
			sourceTree = "<group>";
		};
		E0483EE7028136F50D8D21D4 /* Pods */ = {
			isa = PBXGroup;
			children = (
				13B70C5FC5BBA8D33D5F8A96 /* Pods-Weibo.debug.xcconfig */,
				1975CDAD7679FB1D6C67589E /* Pods-Weibo.release.xcconfig */,
			);
			name = Pods;
			sourceTree = "<group>";
		};
/* End PBXGroup section */

/* Begin PBXNativeTarget section */
		768B46C4204BEE9D0046D1CB /* Weibo */ = {
			isa = PBXNativeTarget;
			buildConfigurationList = 768B46D7204BEE9E0046D1CB /* Build configuration list for PBXNativeTarget "Weibo" */;
			buildPhases = (
				1F4F43A1CDB8682C2CC9B53F /* [CP] Check Pods Manifest.lock */,
				768B46C1204BEE9D0046D1CB /* Sources */,
				768B46C2204BEE9D0046D1CB /* Frameworks */,
				768B46C3204BEE9D0046D1CB /* Resources */,
				1D2B56AE12E9BBC1E25C6AA4 /* [CP] Embed Pods Frameworks */,
			);
			buildRules = (
			);
			dependencies = (
			);
			name = Weibo;
			productName = Weibo;
			productReference = 768B46C5204BEE9D0046D1CB /* Weibo.app */;
			productType = "com.apple.product-type.application";
		};
/* End PBXNativeTarget section */

/* Begin PBXProject section */
		768B46BD204BEE9D0046D1CB /* Project object */ = {
			isa = PBXProject;
			attributes = {
				CLASSPREFIX = WB;
				LastSwiftUpdateCheck = 0920;
				LastUpgradeCheck = 0920;
				ORGANIZATIONNAME = llbt;
				TargetAttributes = {
					768B46C4204BEE9D0046D1CB = {
						CreatedOnToolsVersion = 9.2;
						ProvisioningStyle = Automatic;
					};
				};
			};
			buildConfigurationList = 768B46C0204BEE9D0046D1CB /* Build configuration list for PBXProject "Weibo" */;
			compatibilityVersion = "Xcode 8.0";
			developmentRegion = en;
			hasScannedForEncodings = 0;
			knownRegions = (
				en,
				Base,
			);
			mainGroup = 768B46BC204BEE9D0046D1CB;
			productRefGroup = 768B46C6204BEE9D0046D1CB /* Products */;
			projectDirPath = "";
			projectRoot = "";
			targets = (
				768B46C4204BEE9D0046D1CB /* Weibo */,
			);
		};
/* End PBXProject section */

/* Begin PBXResourcesBuildPhase section */
		768B46C3204BEE9D0046D1CB /* Resources */ = {
			isa = PBXResourcesBuildPhase;
			buildActionMask = 2147483647;
			files = (
				767A3915213A60E600802BD0 /* WBStatusNormalCell.xib in Resources */,
				764FE69021313FBD00573D68 /* WBWelcomeView.xib in Resources */,
				76716CD7205EE02D005A4DA8 /* main.json in Resources */,
				768B46D0204BEE9E0046D1CB /* Assets.xcassets in Resources */,
				7634F0972136E59700E9AC4D /* WBNewFeatureView.xib in Resources */,
			);
			runOnlyForDeploymentPostprocessing = 0;
		};
/* End PBXResourcesBuildPhase section */

/* Begin PBXShellScriptBuildPhase section */
		1D2B56AE12E9BBC1E25C6AA4 /* [CP] Embed Pods Frameworks */ = {
			isa = PBXShellScriptBuildPhase;
			buildActionMask = 2147483647;
			files = (
			);
			inputPaths = (
				"${SRCROOT}/Pods/Target Support Files/Pods-Weibo/Pods-Weibo-frameworks.sh",
				"${BUILT_PRODUCTS_DIR}/AFNetworking/AFNetworking.framework",
				"${BUILT_PRODUCTS_DIR}/FMDB/FMDB.framework",
				"${BUILT_PRODUCTS_DIR}/SDWebImage/SDWebImage.framework",
				"${BUILT_PRODUCTS_DIR}/SVProgressHUD/SVProgressHUD.framework",
				"${BUILT_PRODUCTS_DIR}/YYModel/YYModel.framework",
				"${BUILT_PRODUCTS_DIR}/pop/pop.framework",
			);
			name = "[CP] Embed Pods Frameworks";
			outputPaths = (
				"${TARGET_BUILD_DIR}/${FRAMEWORKS_FOLDER_PATH}/AFNetworking.framework",
				"${TARGET_BUILD_DIR}/${FRAMEWORKS_FOLDER_PATH}/FMDB.framework",
				"${TARGET_BUILD_DIR}/${FRAMEWORKS_FOLDER_PATH}/SDWebImage.framework",
				"${TARGET_BUILD_DIR}/${FRAMEWORKS_FOLDER_PATH}/SVProgressHUD.framework",
				"${TARGET_BUILD_DIR}/${FRAMEWORKS_FOLDER_PATH}/YYModel.framework",
				"${TARGET_BUILD_DIR}/${FRAMEWORKS_FOLDER_PATH}/pop.framework",
			);
			runOnlyForDeploymentPostprocessing = 0;
			shellPath = /bin/sh;
			shellScript = "\"${SRCROOT}/Pods/Target Support Files/Pods-Weibo/Pods-Weibo-frameworks.sh\"\n";
			showEnvVarsInLog = 0;
		};
		1F4F43A1CDB8682C2CC9B53F /* [CP] Check Pods Manifest.lock */ = {
			isa = PBXShellScriptBuildPhase;
			buildActionMask = 2147483647;
			files = (
			);
			inputPaths = (
				"${PODS_PODFILE_DIR_PATH}/Podfile.lock",
				"${PODS_ROOT}/Manifest.lock",
			);
			name = "[CP] Check Pods Manifest.lock";
			outputPaths = (
				"$(DERIVED_FILE_DIR)/Pods-Weibo-checkManifestLockResult.txt",
			);
			runOnlyForDeploymentPostprocessing = 0;
			shellPath = /bin/sh;
			shellScript = "diff \"${PODS_PODFILE_DIR_PATH}/Podfile.lock\" \"${PODS_ROOT}/Manifest.lock\" > /dev/null\nif [ $? != 0 ] ; then\n    # print error to STDERR\n    echo \"error: The sandbox is not in sync with the Podfile.lock. Run 'pod install' or update your CocoaPods installation.\" >&2\n    exit 1\nfi\n# This output is used by Xcode 'outputs' to avoid re-running this script phase.\necho \"SUCCESS\" > \"${SCRIPT_OUTPUT_FILE_0}\"\n";
			showEnvVarsInLog = 0;
		};
/* End PBXShellScriptBuildPhase section */

/* Begin PBXSourcesBuildPhase section */
		768B46C1204BEE9D0046D1CB /* Sources */ = {
			isa = PBXSourcesBuildPhase;
			buildActionMask = 2147483647;
			files = (
				76BC4180204EC6D600E5522B /* UIColor+CZAddition.m in Sources */,
				767A391B213D1B3E00802BD0 /* WBStatusViewModel.swift in Sources */,
				76BC4179204EC6D600E5522B /* NSArray+Log.m in Sources */,
				76716CD520588B6A005A4DA8 /* WBVisitorView.swift in Sources */,
				764FE69221314B0A00573D68 /* WBWelcomeView.swift in Sources */,
				763B495F204D4F0900ECA116 /* WBDiscoverViewController.swift in Sources */,
				76BC4181204EC6D600E5522B /* UILabel+CZAddition.m in Sources */,
				764FE689213124A300573D68 /* WBTitleButton.swift in Sources */,
				765A4D4C21158884009B96C0 /* WBStatus.swift in Sources */,
				76BC417A204EC6D600E5522B /* NSAttributedString+CZAdditon.m in Sources */,
				76BC4184204EC6D600E5522B /* UIViewController+CZAddition.m in Sources */,
				76BC417C204EC6D600E5522B /* NSString+CZBase64.m in Sources */,
				763B4957204D4EAE00ECA116 /* WBBaseViewController.swift in Sources */,
				763B495B204D4EF500ECA116 /* WBProfileViewController.swift in Sources */,
				764FE68E213132FF00573D68 /* WBNewFeatureView.swift in Sources */,
				76618A572053990B002EC691 /* UIBarButtonItem+Extension.swift in Sources */,
				767A3917213D0C3500802BD0 /* WBUser.swift in Sources */,
				763B4955204D4E8400ECA116 /* WBNavViewController.swift in Sources */,
				76618A52204ED018002EC691 /* Bundle+Extension.swift in Sources */,
				76618A5520538097002EC691 /* WBTestViewController.swift in Sources */,
				76BC417F204EC6D600E5522B /* UIButton+CZAddition.m in Sources */,
				76BC4182204EC6D600E5522B /* UIScreen+CZAddition.m in Sources */,
				76F98CF12123F71B005D4613 /* WBNetWorkManager.swift in Sources */,
				763B4959204D4EEA00ECA116 /* WBMessageViewController.swift in Sources */,
				767A3913213A60C200802BD0 /* WBStatusCell.swift in Sources */,
				765A4D4E21158D0A009B96C0 /* WBStatusListViewModel.swift in Sources */,
				76BC417B204EC6D600E5522B /* NSObject+CZRuntime.m in Sources */,
				763B4953204D4E5B00ECA116 /* WBMainViewController.swift in Sources */,
				76F98CF02123F71B005D4613 /* WBNetWorkManager+Extension.swift in Sources */,
				76F98CE82122A21F005D4613 /* WeiBoCommon.swift in Sources */,
				763B495D204D4EFE00ECA116 /* WBHomeViewController.swift in Sources */,
				76BC417E204EC6D600E5522B /* NSString+CZPath.m in Sources */,
				76BC4183204EC6D600E5522B /* UIView+CZAddition.m in Sources */,
				76F98CEB2122A6F5005D4613 /* WBOAuthViewController.swift in Sources */,
				76BC417D204EC6D600E5522B /* NSString+CZHash.m in Sources */,
				768B46C9204BEE9E0046D1CB /* AppDelegate.swift in Sources */,
				76F98CF32123F73D005D4613 /* WBUserAccount.swift in Sources */,
			);
			runOnlyForDeploymentPostprocessing = 0;
		};
/* End PBXSourcesBuildPhase section */

/* Begin XCBuildConfiguration section */
		768B46D5204BEE9E0046D1CB /* Debug */ = {
			isa = XCBuildConfiguration;
			buildSettings = {
				ALWAYS_SEARCH_USER_PATHS = NO;
				CLANG_ANALYZER_NONNULL = YES;
				CLANG_ANALYZER_NUMBER_OBJECT_CONVERSION = YES_AGGRESSIVE;
				CLANG_CXX_LANGUAGE_STANDARD = "gnu++14";
				CLANG_CXX_LIBRARY = "libc++";
				CLANG_ENABLE_MODULES = YES;
				CLANG_ENABLE_OBJC_ARC = YES;
				CLANG_WARN_BLOCK_CAPTURE_AUTORELEASING = YES;
				CLANG_WARN_BOOL_CONVERSION = YES;
				CLANG_WARN_COMMA = YES;
				CLANG_WARN_CONSTANT_CONVERSION = YES;
				CLANG_WARN_DIRECT_OBJC_ISA_USAGE = YES_ERROR;
				CLANG_WARN_DOCUMENTATION_COMMENTS = YES;
				CLANG_WARN_EMPTY_BODY = YES;
				CLANG_WARN_ENUM_CONVERSION = YES;
				CLANG_WARN_INFINITE_RECURSION = YES;
				CLANG_WARN_INT_CONVERSION = YES;
				CLANG_WARN_NON_LITERAL_NULL_CONVERSION = YES;
				CLANG_WARN_OBJC_LITERAL_CONVERSION = YES;
				CLANG_WARN_OBJC_ROOT_CLASS = YES_ERROR;
				CLANG_WARN_RANGE_LOOP_ANALYSIS = YES;
				CLANG_WARN_STRICT_PROTOTYPES = YES;
				CLANG_WARN_SUSPICIOUS_MOVE = YES;
				CLANG_WARN_UNGUARDED_AVAILABILITY = YES_AGGRESSIVE;
				CLANG_WARN_UNREACHABLE_CODE = YES;
				CLANG_WARN__DUPLICATE_METHOD_MATCH = YES;
				CODE_SIGN_IDENTITY = "iPhone Developer";
				COPY_PHASE_STRIP = NO;
				DEBUG_INFORMATION_FORMAT = dwarf;
				ENABLE_STRICT_OBJC_MSGSEND = YES;
				ENABLE_TESTABILITY = YES;
				GCC_C_LANGUAGE_STANDARD = gnu11;
				GCC_DYNAMIC_NO_PIC = NO;
				GCC_NO_COMMON_BLOCKS = YES;
				GCC_OPTIMIZATION_LEVEL = 0;
				GCC_PREPROCESSOR_DEFINITIONS = (
					"DEBUG=1",
					"$(inherited)",
				);
				GCC_WARN_64_TO_32_BIT_CONVERSION = YES;
				GCC_WARN_ABOUT_RETURN_TYPE = YES_ERROR;
				GCC_WARN_UNDECLARED_SELECTOR = YES;
				GCC_WARN_UNINITIALIZED_AUTOS = YES_AGGRESSIVE;
				GCC_WARN_UNUSED_FUNCTION = YES;
				GCC_WARN_UNUSED_VARIABLE = YES;
				IPHONEOS_DEPLOYMENT_TARGET = 11.2;
				MTL_ENABLE_DEBUG_INFO = YES;
				ONLY_ACTIVE_ARCH = YES;
				SDKROOT = iphoneos;
				SWIFT_ACTIVE_COMPILATION_CONDITIONS = DEBUG;
				SWIFT_OPTIMIZATION_LEVEL = "-Onone";
			};
			name = Debug;
		};
		768B46D6204BEE9E0046D1CB /* Release */ = {
			isa = XCBuildConfiguration;
			buildSettings = {
				ALWAYS_SEARCH_USER_PATHS = NO;
				CLANG_ANALYZER_NONNULL = YES;
				CLANG_ANALYZER_NUMBER_OBJECT_CONVERSION = YES_AGGRESSIVE;
				CLANG_CXX_LANGUAGE_STANDARD = "gnu++14";
				CLANG_CXX_LIBRARY = "libc++";
				CLANG_ENABLE_MODULES = YES;
				CLANG_ENABLE_OBJC_ARC = YES;
				CLANG_WARN_BLOCK_CAPTURE_AUTORELEASING = YES;
				CLANG_WARN_BOOL_CONVERSION = YES;
				CLANG_WARN_COMMA = YES;
				CLANG_WARN_CONSTANT_CONVERSION = YES;
				CLANG_WARN_DIRECT_OBJC_ISA_USAGE = YES_ERROR;
				CLANG_WARN_DOCUMENTATION_COMMENTS = YES;
				CLANG_WARN_EMPTY_BODY = YES;
				CLANG_WARN_ENUM_CONVERSION = YES;
				CLANG_WARN_INFINITE_RECURSION = YES;
				CLANG_WARN_INT_CONVERSION = YES;
				CLANG_WARN_NON_LITERAL_NULL_CONVERSION = YES;
				CLANG_WARN_OBJC_LITERAL_CONVERSION = YES;
				CLANG_WARN_OBJC_ROOT_CLASS = YES_ERROR;
				CLANG_WARN_RANGE_LOOP_ANALYSIS = YES;
				CLANG_WARN_STRICT_PROTOTYPES = YES;
				CLANG_WARN_SUSPICIOUS_MOVE = YES;
				CLANG_WARN_UNGUARDED_AVAILABILITY = YES_AGGRESSIVE;
				CLANG_WARN_UNREACHABLE_CODE = YES;
				CLANG_WARN__DUPLICATE_METHOD_MATCH = YES;
				CODE_SIGN_IDENTITY = "iPhone Developer";
				COPY_PHASE_STRIP = NO;
				DEBUG_INFORMATION_FORMAT = "dwarf-with-dsym";
				ENABLE_NS_ASSERTIONS = NO;
				ENABLE_STRICT_OBJC_MSGSEND = YES;
				GCC_C_LANGUAGE_STANDARD = gnu11;
				GCC_NO_COMMON_BLOCKS = YES;
				GCC_WARN_64_TO_32_BIT_CONVERSION = YES;
				GCC_WARN_ABOUT_RETURN_TYPE = YES_ERROR;
				GCC_WARN_UNDECLARED_SELECTOR = YES;
				GCC_WARN_UNINITIALIZED_AUTOS = YES_AGGRESSIVE;
				GCC_WARN_UNUSED_FUNCTION = YES;
				GCC_WARN_UNUSED_VARIABLE = YES;
				IPHONEOS_DEPLOYMENT_TARGET = 11.2;
				MTL_ENABLE_DEBUG_INFO = NO;
				SDKROOT = iphoneos;
				SWIFT_OPTIMIZATION_LEVEL = "-Owholemodule";
				VALIDATE_PRODUCT = YES;
			};
			name = Release;
		};
		768B46D8204BEE9E0046D1CB /* Debug */ = {
			isa = XCBuildConfiguration;
			baseConfigurationReference = 13B70C5FC5BBA8D33D5F8A96 /* Pods-Weibo.debug.xcconfig */;
			buildSettings = {
				ASSETCATALOG_COMPILER_APPICON_NAME = AppIcon;
				ASSETCATALOG_COMPILER_LAUNCHIMAGE_NAME = LaunchImage;
				CODE_SIGN_STYLE = Automatic;
				INFOPLIST_FILE = Weibo/Info.plist;
				IPHONEOS_DEPLOYMENT_TARGET = 8.0;
				LD_RUNPATH_SEARCH_PATHS = "$(inherited) @executable_path/Frameworks";
				PRODUCT_BUNDLE_IDENTIFIER = com.silence.demo.Weibo;
				PRODUCT_NAME = "$(TARGET_NAME)";
				SWIFT_OBJC_BRIDGING_HEADER = "Weibo/Weibo-bridge.h";
				SWIFT_SWIFT3_OBJC_INFERENCE = On;
				SWIFT_VERSION = 4.0;
				TARGETED_DEVICE_FAMILY = "1,2";
			};
			name = Debug;
		};
		768B46D9204BEE9E0046D1CB /* Release */ = {
			isa = XCBuildConfiguration;
			baseConfigurationReference = 1975CDAD7679FB1D6C67589E /* Pods-Weibo.release.xcconfig */;
			buildSettings = {
				ASSETCATALOG_COMPILER_APPICON_NAME = AppIcon;
				ASSETCATALOG_COMPILER_LAUNCHIMAGE_NAME = LaunchImage;
				CODE_SIGN_STYLE = Automatic;
				INFOPLIST_FILE = Weibo/Info.plist;
				IPHONEOS_DEPLOYMENT_TARGET = 8.0;
				LD_RUNPATH_SEARCH_PATHS = "$(inherited) @executable_path/Frameworks";
				PRODUCT_BUNDLE_IDENTIFIER = com.silence.demo.Weibo;
				PRODUCT_NAME = "$(TARGET_NAME)";
				SWIFT_OBJC_BRIDGING_HEADER = "Weibo/Weibo-bridge.h";
				SWIFT_SWIFT3_OBJC_INFERENCE = On;
				SWIFT_VERSION = 4.0;
				TARGETED_DEVICE_FAMILY = "1,2";
			};
			name = Release;
		};
/* End XCBuildConfiguration section */

/* Begin XCConfigurationList section */
		768B46C0204BEE9D0046D1CB /* Build configuration list for PBXProject "Weibo" */ = {
			isa = XCConfigurationList;
			buildConfigurations = (
				768B46D5204BEE9E0046D1CB /* Debug */,
				768B46D6204BEE9E0046D1CB /* Release */,
			);
			defaultConfigurationIsVisible = 0;
			defaultConfigurationName = Release;
		};
		768B46D7204BEE9E0046D1CB /* Build configuration list for PBXNativeTarget "Weibo" */ = {
			isa = XCConfigurationList;
			buildConfigurations = (
				768B46D8204BEE9E0046D1CB /* Debug */,
				768B46D9204BEE9E0046D1CB /* Release */,
			);
			defaultConfigurationIsVisible = 0;
			defaultConfigurationName = Release;
		};
/* End XCConfigurationList section */
	};
	rootObject = 768B46BD204BEE9D0046D1CB /* Project object */;
}
